// !$*UTF8*$!
{
	archiveVersion = 1;
	classes = {
	};
	objectVersion = 55;
	objects = {

/* Begin PBXBuildFile section */
		337F606DE8221CB5EF68B2A9 /* Pods_GBShopTests.framework in Frameworks */ = {isa = PBXBuildFile; fileRef = 80A98411D857350626A01CFC /* Pods_GBShopTests.framework */; };
		4B3F26FEE1A73CB0895A1686 /* Pods_GBShop_GBShopUITests.framework in Frameworks */ = {isa = PBXBuildFile; fileRef = E48DEC27938CA6FF4639CD83 /* Pods_GBShop_GBShopUITests.framework */; };
		8B0062972768FD7F004800FD /* AuthViewController.swift in Sources */ = {isa = PBXBuildFile; fileRef = 8B0062962768FD7F004800FD /* AuthViewController.swift */; };
		8B00629A2768FD7F004800FD /* Main.storyboard in Resources */ = {isa = PBXBuildFile; fileRef = 8B0062982768FD7F004800FD /* Main.storyboard */; };
		8B00629C2768FD80004800FD /* Assets.xcassets in Resources */ = {isa = PBXBuildFile; fileRef = 8B00629B2768FD80004800FD /* Assets.xcassets */; };
		8B00629F2768FD80004800FD /* LaunchScreen.storyboard in Resources */ = {isa = PBXBuildFile; fileRef = 8B00629D2768FD80004800FD /* LaunchScreen.storyboard */; };
		8B0062B42768FD81004800FD /* GBShopUITests.swift in Sources */ = {isa = PBXBuildFile; fileRef = 8B0062B32768FD81004800FD /* GBShopUITests.swift */; };
		8B0062B62768FD81004800FD /* GBShopUITestsLaunchTests.swift in Sources */ = {isa = PBXBuildFile; fileRef = 8B0062B52768FD81004800FD /* GBShopUITestsLaunchTests.swift */; };
		8B496AAD2770CE0F00A71F20 /* AbstractErrorParser.swift in Sources */ = {isa = PBXBuildFile; fileRef = 8B496AAC2770CE0F00A71F20 /* AbstractErrorParser.swift */; };
		8B496AAF2770CE3C00A71F20 /* ErrorParser.swift in Sources */ = {isa = PBXBuildFile; fileRef = 8B496AAE2770CE3C00A71F20 /* ErrorParser.swift */; };
		8B496AB12770CEBB00A71F20 /* CustomDecodableSerializer.swift in Sources */ = {isa = PBXBuildFile; fileRef = 8B496AB02770CEBB00A71F20 /* CustomDecodableSerializer.swift */; };
		8B496AB32770CF2B00A71F20 /* AbstractRequestFactory.swift in Sources */ = {isa = PBXBuildFile; fileRef = 8B496AB22770CF2B00A71F20 /* AbstractRequestFactory.swift */; };
		8B496AB52770CF4E00A71F20 /* RequestRouter.swift in Sources */ = {isa = PBXBuildFile; fileRef = 8B496AB42770CF4E00A71F20 /* RequestRouter.swift */; };
		8B496AB72770CF7E00A71F20 /* LoginResult.swift in Sources */ = {isa = PBXBuildFile; fileRef = 8B496AB62770CF7E00A71F20 /* LoginResult.swift */; };
		8B496AB92770CF9600A71F20 /* User.swift in Sources */ = {isa = PBXBuildFile; fileRef = 8B496AB82770CF9600A71F20 /* User.swift */; };
		8B496ABC2770D00800A71F20 /* AuthRequestFactory.swift in Sources */ = {isa = PBXBuildFile; fileRef = 8B496ABB2770D00800A71F20 /* AuthRequestFactory.swift */; };
		8B496ABE2770D06000A71F20 /* Auth.swift in Sources */ = {isa = PBXBuildFile; fileRef = 8B496ABD2770D06000A71F20 /* Auth.swift */; };
		8B496AC02770D09A00A71F20 /* RequestFactory.swift in Sources */ = {isa = PBXBuildFile; fileRef = 8B496ABF2770D09A00A71F20 /* RequestFactory.swift */; };
		8B496AC12770D2D200A71F20 /* SceneDelegate.swift in Sources */ = {isa = PBXBuildFile; fileRef = 8B0062942768FD7F004800FD /* SceneDelegate.swift */; };
		8B496AC22770D2DA00A71F20 /* AppDelegate.swift in Sources */ = {isa = PBXBuildFile; fileRef = 8B0062922768FD7F004800FD /* AppDelegate.swift */; };
		8B496AC42770D8C800A71F20 /* LogoutResult.swift in Sources */ = {isa = PBXBuildFile; fileRef = 8B496AC32770D8C800A71F20 /* LogoutResult.swift */; };
		8B496AC62770D94000A71F20 /* Exit.swift in Sources */ = {isa = PBXBuildFile; fileRef = 8B496AC52770D94000A71F20 /* Exit.swift */; };
		8B496AC82770D95100A71F20 /* ExitRequestFactory.swift in Sources */ = {isa = PBXBuildFile; fileRef = 8B496AC72770D95100A71F20 /* ExitRequestFactory.swift */; };
		8B496ACA2770E1CB00A71F20 /* RegisterResult.swift in Sources */ = {isa = PBXBuildFile; fileRef = 8B496AC92770E1CB00A71F20 /* RegisterResult.swift */; };
		8B496ACC2770E2A500A71F20 /* ChangeUserDataResult.swift in Sources */ = {isa = PBXBuildFile; fileRef = 8B496ACB2770E2A500A71F20 /* ChangeUserDataResult.swift */; };
		8B496ACE2770E35300A71F20 /* ChangeUserDataRequestFactory.swift in Sources */ = {isa = PBXBuildFile; fileRef = 8B496ACD2770E35300A71F20 /* ChangeUserDataRequestFactory.swift */; };
		8B496AD02770E36A00A71F20 /* ChangeUserData.swift in Sources */ = {isa = PBXBuildFile; fileRef = 8B496ACF2770E36A00A71F20 /* ChangeUserData.swift */; };
		8B496AD22770E59800A71F20 /* Gender.swift in Sources */ = {isa = PBXBuildFile; fileRef = 8B496AD12770E59800A71F20 /* Gender.swift */; };
		8B496AD42770E77C00A71F20 /* RegisterUserRequestFactory.swift in Sources */ = {isa = PBXBuildFile; fileRef = 8B496AD32770E77C00A71F20 /* RegisterUserRequestFactory.swift */; };
		8B496AD62770E78800A71F20 /* RegisterUser.swift in Sources */ = {isa = PBXBuildFile; fileRef = 8B496AD52770E78800A71F20 /* RegisterUser.swift */; };
		8B6B5A0E278DDC5B006D4876 /* ResponseCodableTests.swift in Sources */ = {isa = PBXBuildFile; fileRef = 8B6B5A0D278DDC5B006D4876 /* ResponseCodableTests.swift */; };
		8B6B5A11278F2B5D006D4876 /* Product.swift in Sources */ = {isa = PBXBuildFile; fileRef = 8B6B5A10278F2B5D006D4876 /* Product.swift */; };
		8B6B5A13278F2B6F006D4876 /* ProductRequestFactory.swift in Sources */ = {isa = PBXBuildFile; fileRef = 8B6B5A12278F2B6F006D4876 /* ProductRequestFactory.swift */; };
		8B6B5A15278F2CAC006D4876 /* ProductResult.swift in Sources */ = {isa = PBXBuildFile; fileRef = 8B6B5A14278F2CAC006D4876 /* ProductResult.swift */; };
		8B6B5A19278F2E36006D4876 /* CatalogRequestFactory.swift in Sources */ = {isa = PBXBuildFile; fileRef = 8B6B5A18278F2E36006D4876 /* CatalogRequestFactory.swift */; };
		8B6B5A1B278F2E3E006D4876 /* Catalog.swift in Sources */ = {isa = PBXBuildFile; fileRef = 8B6B5A1A278F2E3E006D4876 /* Catalog.swift */; };
		8B6B5A1D278F30BD006D4876 /* CatalogResult.swift in Sources */ = {isa = PBXBuildFile; fileRef = 8B6B5A1C278F30BD006D4876 /* CatalogResult.swift */; };
		8B6B5A1F279957EA006D4876 /* ProductModel.swift in Sources */ = {isa = PBXBuildFile; fileRef = 8B6B5A1E279957EA006D4876 /* ProductModel.swift */; };
		8B6B5A272799959C006D4876 /* AddReviewResult.swift in Sources */ = {isa = PBXBuildFile; fileRef = 8B6B5A262799959C006D4876 /* AddReviewResult.swift */; };
		8B6B5A29279995A9006D4876 /* RemoveReviewResult.swift in Sources */ = {isa = PBXBuildFile; fileRef = 8B6B5A28279995A9006D4876 /* RemoveReviewResult.swift */; };
		8B6B5A2B279995B5006D4876 /* ApproveReviewResult.swift in Sources */ = {isa = PBXBuildFile; fileRef = 8B6B5A2A279995B5006D4876 /* ApproveReviewResult.swift */; };
		8B6B5A2D2799961B006D4876 /* RemoveReviewRequestFactory.swift in Sources */ = {isa = PBXBuildFile; fileRef = 8B6B5A2C2799961B006D4876 /* RemoveReviewRequestFactory.swift */; };
		8B6B5A2F27999655006D4876 /* RemoveReview.swift in Sources */ = {isa = PBXBuildFile; fileRef = 8B6B5A2E27999654006D4876 /* RemoveReview.swift */; };
		8B6B5A312799975B006D4876 /* ApproveReview.swift in Sources */ = {isa = PBXBuildFile; fileRef = 8B6B5A302799975B006D4876 /* ApproveReview.swift */; };
		8B6B5A3327999775006D4876 /* ApproveReviewRequestFactory.swift in Sources */ = {isa = PBXBuildFile; fileRef = 8B6B5A3227999775006D4876 /* ApproveReviewRequestFactory.swift */; };
		8B6B5A35279997D8006D4876 /* AddReviewRequestFactory.swift in Sources */ = {isa = PBXBuildFile; fileRef = 8B6B5A34279997D8006D4876 /* AddReviewRequestFactory.swift */; };
		8B6B5A372799981F006D4876 /* AddReview.swift in Sources */ = {isa = PBXBuildFile; fileRef = 8B6B5A362799981F006D4876 /* AddReview.swift */; };
		8B6B5A392799B5E0006D4876 /* AddToBasketResult.swift in Sources */ = {isa = PBXBuildFile; fileRef = 8B6B5A382799B5E0006D4876 /* AddToBasketResult.swift */; };
		8B6B5A3B2799B5EE006D4876 /* DeleteFromBasketResult.swift in Sources */ = {isa = PBXBuildFile; fileRef = 8B6B5A3A2799B5EE006D4876 /* DeleteFromBasketResult.swift */; };
		8B6B5A402799B745006D4876 /* AddToBasketRequestFactory.swift in Sources */ = {isa = PBXBuildFile; fileRef = 8B6B5A3F2799B745006D4876 /* AddToBasketRequestFactory.swift */; };
		8B6B5A422799B752006D4876 /* DeleteFromBasketRequestFactory.swift in Sources */ = {isa = PBXBuildFile; fileRef = 8B6B5A412799B752006D4876 /* DeleteFromBasketRequestFactory.swift */; };
		8B6B5A442799B75F006D4876 /* AddToBasket.swift in Sources */ = {isa = PBXBuildFile; fileRef = 8B6B5A432799B75F006D4876 /* AddToBasket.swift */; };
		8B6B5A462799B76D006D4876 /* DeleteFromBasket.swift in Sources */ = {isa = PBXBuildFile; fileRef = 8B6B5A452799B76D006D4876 /* DeleteFromBasket.swift */; };
		8B6B5A482799C41D006D4876 /* PayBasketResult.swift in Sources */ = {isa = PBXBuildFile; fileRef = 8B6B5A472799C41D006D4876 /* PayBasketResult.swift */; };
		8B6B5A4B2799C491006D4876 /* PayBasketRequestFactory.swift in Sources */ = {isa = PBXBuildFile; fileRef = 8B6B5A4A2799C491006D4876 /* PayBasketRequestFactory.swift */; };
		8B6B5A4D2799C4A3006D4876 /* PayBasket.swift in Sources */ = {isa = PBXBuildFile; fileRef = 8B6B5A4C2799C4A3006D4876 /* PayBasket.swift */; };
		8B6B5A4F279AF304006D4876 /* RegisterViewController.swift in Sources */ = {isa = PBXBuildFile; fileRef = 8B6B5A4E279AF304006D4876 /* RegisterViewController.swift */; };
		8B6B5A51279AF333006D4876 /* ProfileViewController.swift in Sources */ = {isa = PBXBuildFile; fileRef = 8B6B5A50279AF333006D4876 /* ProfileViewController.swift */; };
		8B6B5A53279D7798006D4876 /* UIVIewController+ShowError.swift in Sources */ = {isa = PBXBuildFile; fileRef = 8B6B5A52279D7798006D4876 /* UIVIewController+ShowError.swift */; };
		8B6B5A55279D7C4D006D4876 /* CatalogViewController.swift in Sources */ = {isa = PBXBuildFile; fileRef = 8B6B5A54279D7C4D006D4876 /* CatalogViewController.swift */; };
		8B6B5A5A279D9C15006D4876 /* CatalogCollectionViewCell.swift in Sources */ = {isa = PBXBuildFile; fileRef = 8B6B5A58279D9C15006D4876 /* CatalogCollectionViewCell.swift */; };
		8B6B5A5B279D9C15006D4876 /* CatalogCollectionViewCell.xib in Resources */ = {isa = PBXBuildFile; fileRef = 8B6B5A59279D9C15006D4876 /* CatalogCollectionViewCell.xib */; };
		8B6B5A5D27A042A1006D4876 /* ProductDetailViewController.swift in Sources */ = {isa = PBXBuildFile; fileRef = 8B6B5A5C27A042A1006D4876 /* ProductDetailViewController.swift */; };
		8B6B5A5F27A1A50F006D4876 /* BasketViewController.swift in Sources */ = {isa = PBXBuildFile; fileRef = 8B6B5A5E27A1A50F006D4876 /* BasketViewController.swift */; };
		8B6B5A6827A2C228006D4876 /* FirebaseAnalytics in Frameworks */ = {isa = PBXBuildFile; productRef = 8B6B5A6727A2C228006D4876 /* FirebaseAnalytics */; };
		8B6B5A6A27A2C228006D4876 /* FirebaseCrashlytics in Frameworks */ = {isa = PBXBuildFile; productRef = 8B6B5A6927A2C228006D4876 /* FirebaseCrashlytics */; };
		8B6B5A6C27A2C34F006D4876 /* GoogleService-Info.plist in Resources */ = {isa = PBXBuildFile; fileRef = 8B6B5A6B27A2C34F006D4876 /* GoogleService-Info.plist */; };
		D4B4EF0973BCB3327D003107 /* Pods_GBShop.framework in Frameworks */ = {isa = PBXBuildFile; fileRef = 1C81C6E192F9534881CCF502 /* Pods_GBShop.framework */; };
/* End PBXBuildFile section */

/* Begin PBXContainerItemProxy section */
		8B0062A62768FD80004800FD /* PBXContainerItemProxy */ = {
			isa = PBXContainerItemProxy;
			containerPortal = 8B0062872768FD7F004800FD /* Project object */;
			proxyType = 1;
			remoteGlobalIDString = 8B00628E2768FD7F004800FD;
			remoteInfo = GBShop;
		};
		8B0062B02768FD81004800FD /* PBXContainerItemProxy */ = {
			isa = PBXContainerItemProxy;
			containerPortal = 8B0062872768FD7F004800FD /* Project object */;
			proxyType = 1;
			remoteGlobalIDString = 8B00628E2768FD7F004800FD;
			remoteInfo = GBShop;
		};
/* End PBXContainerItemProxy section */

/* Begin PBXFileReference section */
		1C81C6E192F9534881CCF502 /* Pods_GBShop.framework */ = {isa = PBXFileReference; explicitFileType = wrapper.framework; includeInIndex = 0; path = Pods_GBShop.framework; sourceTree = BUILT_PRODUCTS_DIR; };
		1F8F9F49AE288A6224824569 /* Pods-GBShop-GBShopUITests.release.xcconfig */ = {isa = PBXFileReference; includeInIndex = 1; lastKnownFileType = text.xcconfig; name = "Pods-GBShop-GBShopUITests.release.xcconfig"; path = "Target Support Files/Pods-GBShop-GBShopUITests/Pods-GBShop-GBShopUITests.release.xcconfig"; sourceTree = "<group>"; };
		266EE29B12E88CB2C8DCADE1 /* Pods-GBShop.release.xcconfig */ = {isa = PBXFileReference; includeInIndex = 1; lastKnownFileType = text.xcconfig; name = "Pods-GBShop.release.xcconfig"; path = "Target Support Files/Pods-GBShop/Pods-GBShop.release.xcconfig"; sourceTree = "<group>"; };
		39A60693E9B2F1FB5739E3B5 /* Pods-GBShopTests.debug.xcconfig */ = {isa = PBXFileReference; includeInIndex = 1; lastKnownFileType = text.xcconfig; name = "Pods-GBShopTests.debug.xcconfig"; path = "Target Support Files/Pods-GBShopTests/Pods-GBShopTests.debug.xcconfig"; sourceTree = "<group>"; };
		80A98411D857350626A01CFC /* Pods_GBShopTests.framework */ = {isa = PBXFileReference; explicitFileType = wrapper.framework; includeInIndex = 0; path = Pods_GBShopTests.framework; sourceTree = BUILT_PRODUCTS_DIR; };
		8B00628F2768FD7F004800FD /* GBShop.app */ = {isa = PBXFileReference; explicitFileType = wrapper.application; includeInIndex = 0; path = GBShop.app; sourceTree = BUILT_PRODUCTS_DIR; };
		8B0062922768FD7F004800FD /* AppDelegate.swift */ = {isa = PBXFileReference; lastKnownFileType = sourcecode.swift; path = AppDelegate.swift; sourceTree = "<group>"; };
		8B0062942768FD7F004800FD /* SceneDelegate.swift */ = {isa = PBXFileReference; lastKnownFileType = sourcecode.swift; path = SceneDelegate.swift; sourceTree = "<group>"; };
		8B0062962768FD7F004800FD /* AuthViewController.swift */ = {isa = PBXFileReference; lastKnownFileType = sourcecode.swift; path = AuthViewController.swift; sourceTree = "<group>"; };
		8B0062992768FD7F004800FD /* Base */ = {isa = PBXFileReference; lastKnownFileType = file.storyboard; name = Base; path = Base.lproj/Main.storyboard; sourceTree = "<group>"; };
		8B00629B2768FD80004800FD /* Assets.xcassets */ = {isa = PBXFileReference; lastKnownFileType = folder.assetcatalog; path = Assets.xcassets; sourceTree = "<group>"; };
		8B00629E2768FD80004800FD /* Base */ = {isa = PBXFileReference; lastKnownFileType = file.storyboard; name = Base; path = Base.lproj/LaunchScreen.storyboard; sourceTree = "<group>"; };
		8B0062A02768FD80004800FD /* Info.plist */ = {isa = PBXFileReference; lastKnownFileType = text.plist.xml; path = Info.plist; sourceTree = "<group>"; };
		8B0062A52768FD80004800FD /* GBShopTests.xctest */ = {isa = PBXFileReference; explicitFileType = wrapper.cfbundle; includeInIndex = 0; path = GBShopTests.xctest; sourceTree = BUILT_PRODUCTS_DIR; };
		8B0062AF2768FD81004800FD /* GBShopUITests.xctest */ = {isa = PBXFileReference; explicitFileType = wrapper.cfbundle; includeInIndex = 0; path = GBShopUITests.xctest; sourceTree = BUILT_PRODUCTS_DIR; };
		8B0062B32768FD81004800FD /* GBShopUITests.swift */ = {isa = PBXFileReference; lastKnownFileType = sourcecode.swift; path = GBShopUITests.swift; sourceTree = "<group>"; };
		8B0062B52768FD81004800FD /* GBShopUITestsLaunchTests.swift */ = {isa = PBXFileReference; lastKnownFileType = sourcecode.swift; path = GBShopUITestsLaunchTests.swift; sourceTree = "<group>"; };
		8B496AAC2770CE0F00A71F20 /* AbstractErrorParser.swift */ = {isa = PBXFileReference; lastKnownFileType = sourcecode.swift; path = AbstractErrorParser.swift; sourceTree = "<group>"; };
		8B496AAE2770CE3C00A71F20 /* ErrorParser.swift */ = {isa = PBXFileReference; lastKnownFileType = sourcecode.swift; path = ErrorParser.swift; sourceTree = "<group>"; };
		8B496AB02770CEBB00A71F20 /* CustomDecodableSerializer.swift */ = {isa = PBXFileReference; lastKnownFileType = sourcecode.swift; path = CustomDecodableSerializer.swift; sourceTree = "<group>"; };
		8B496AB22770CF2B00A71F20 /* AbstractRequestFactory.swift */ = {isa = PBXFileReference; lastKnownFileType = sourcecode.swift; path = AbstractRequestFactory.swift; sourceTree = "<group>"; };
		8B496AB42770CF4E00A71F20 /* RequestRouter.swift */ = {isa = PBXFileReference; lastKnownFileType = sourcecode.swift; path = RequestRouter.swift; sourceTree = "<group>"; };
		8B496AB62770CF7E00A71F20 /* LoginResult.swift */ = {isa = PBXFileReference; lastKnownFileType = sourcecode.swift; path = LoginResult.swift; sourceTree = "<group>"; };
		8B496AB82770CF9600A71F20 /* User.swift */ = {isa = PBXFileReference; lastKnownFileType = sourcecode.swift; path = User.swift; sourceTree = "<group>"; };
		8B496ABB2770D00800A71F20 /* AuthRequestFactory.swift */ = {isa = PBXFileReference; lastKnownFileType = sourcecode.swift; path = AuthRequestFactory.swift; sourceTree = "<group>"; };
		8B496ABD2770D06000A71F20 /* Auth.swift */ = {isa = PBXFileReference; lastKnownFileType = sourcecode.swift; path = Auth.swift; sourceTree = "<group>"; };
		8B496ABF2770D09A00A71F20 /* RequestFactory.swift */ = {isa = PBXFileReference; lastKnownFileType = sourcecode.swift; path = RequestFactory.swift; sourceTree = "<group>"; };
		8B496AC32770D8C800A71F20 /* LogoutResult.swift */ = {isa = PBXFileReference; lastKnownFileType = sourcecode.swift; path = LogoutResult.swift; sourceTree = "<group>"; };
		8B496AC52770D94000A71F20 /* Exit.swift */ = {isa = PBXFileReference; lastKnownFileType = sourcecode.swift; path = Exit.swift; sourceTree = "<group>"; };
		8B496AC72770D95100A71F20 /* ExitRequestFactory.swift */ = {isa = PBXFileReference; lastKnownFileType = sourcecode.swift; path = ExitRequestFactory.swift; sourceTree = "<group>"; };
		8B496AC92770E1CB00A71F20 /* RegisterResult.swift */ = {isa = PBXFileReference; lastKnownFileType = sourcecode.swift; path = RegisterResult.swift; sourceTree = "<group>"; };
		8B496ACB2770E2A500A71F20 /* ChangeUserDataResult.swift */ = {isa = PBXFileReference; lastKnownFileType = sourcecode.swift; path = ChangeUserDataResult.swift; sourceTree = "<group>"; };
		8B496ACD2770E35300A71F20 /* ChangeUserDataRequestFactory.swift */ = {isa = PBXFileReference; lastKnownFileType = sourcecode.swift; path = ChangeUserDataRequestFactory.swift; sourceTree = "<group>"; };
		8B496ACF2770E36A00A71F20 /* ChangeUserData.swift */ = {isa = PBXFileReference; lastKnownFileType = sourcecode.swift; path = ChangeUserData.swift; sourceTree = "<group>"; };
		8B496AD12770E59800A71F20 /* Gender.swift */ = {isa = PBXFileReference; lastKnownFileType = sourcecode.swift; path = Gender.swift; sourceTree = "<group>"; };
		8B496AD32770E77C00A71F20 /* RegisterUserRequestFactory.swift */ = {isa = PBXFileReference; lastKnownFileType = sourcecode.swift; path = RegisterUserRequestFactory.swift; sourceTree = "<group>"; };
		8B496AD52770E78800A71F20 /* RegisterUser.swift */ = {isa = PBXFileReference; lastKnownFileType = sourcecode.swift; path = RegisterUser.swift; sourceTree = "<group>"; };
		8B6B5A0D278DDC5B006D4876 /* ResponseCodableTests.swift */ = {isa = PBXFileReference; lastKnownFileType = sourcecode.swift; path = ResponseCodableTests.swift; sourceTree = "<group>"; };
		8B6B5A10278F2B5D006D4876 /* Product.swift */ = {isa = PBXFileReference; lastKnownFileType = sourcecode.swift; path = Product.swift; sourceTree = "<group>"; };
		8B6B5A12278F2B6F006D4876 /* ProductRequestFactory.swift */ = {isa = PBXFileReference; lastKnownFileType = sourcecode.swift; path = ProductRequestFactory.swift; sourceTree = "<group>"; };
		8B6B5A14278F2CAC006D4876 /* ProductResult.swift */ = {isa = PBXFileReference; lastKnownFileType = sourcecode.swift; path = ProductResult.swift; sourceTree = "<group>"; };
		8B6B5A18278F2E36006D4876 /* CatalogRequestFactory.swift */ = {isa = PBXFileReference; lastKnownFileType = sourcecode.swift; path = CatalogRequestFactory.swift; sourceTree = "<group>"; };
		8B6B5A1A278F2E3E006D4876 /* Catalog.swift */ = {isa = PBXFileReference; lastKnownFileType = sourcecode.swift; path = Catalog.swift; sourceTree = "<group>"; };
		8B6B5A1C278F30BD006D4876 /* CatalogResult.swift */ = {isa = PBXFileReference; lastKnownFileType = sourcecode.swift; path = CatalogResult.swift; sourceTree = "<group>"; };
		8B6B5A1E279957EA006D4876 /* ProductModel.swift */ = {isa = PBXFileReference; lastKnownFileType = sourcecode.swift; path = ProductModel.swift; sourceTree = "<group>"; };
		8B6B5A262799959C006D4876 /* AddReviewResult.swift */ = {isa = PBXFileReference; lastKnownFileType = sourcecode.swift; path = AddReviewResult.swift; sourceTree = "<group>"; };
		8B6B5A28279995A9006D4876 /* RemoveReviewResult.swift */ = {isa = PBXFileReference; lastKnownFileType = sourcecode.swift; path = RemoveReviewResult.swift; sourceTree = "<group>"; };
		8B6B5A2A279995B5006D4876 /* ApproveReviewResult.swift */ = {isa = PBXFileReference; lastKnownFileType = sourcecode.swift; path = ApproveReviewResult.swift; sourceTree = "<group>"; };
		8B6B5A2C2799961B006D4876 /* RemoveReviewRequestFactory.swift */ = {isa = PBXFileReference; lastKnownFileType = sourcecode.swift; path = RemoveReviewRequestFactory.swift; sourceTree = "<group>"; };
		8B6B5A2E27999654006D4876 /* RemoveReview.swift */ = {isa = PBXFileReference; lastKnownFileType = sourcecode.swift; path = RemoveReview.swift; sourceTree = "<group>"; };
		8B6B5A302799975B006D4876 /* ApproveReview.swift */ = {isa = PBXFileReference; lastKnownFileType = sourcecode.swift; path = ApproveReview.swift; sourceTree = "<group>"; };
		8B6B5A3227999775006D4876 /* ApproveReviewRequestFactory.swift */ = {isa = PBXFileReference; lastKnownFileType = sourcecode.swift; path = ApproveReviewRequestFactory.swift; sourceTree = "<group>"; };
		8B6B5A34279997D8006D4876 /* AddReviewRequestFactory.swift */ = {isa = PBXFileReference; lastKnownFileType = sourcecode.swift; path = AddReviewRequestFactory.swift; sourceTree = "<group>"; };
		8B6B5A362799981F006D4876 /* AddReview.swift */ = {isa = PBXFileReference; lastKnownFileType = sourcecode.swift; path = AddReview.swift; sourceTree = "<group>"; };
		8B6B5A382799B5E0006D4876 /* AddToBasketResult.swift */ = {isa = PBXFileReference; lastKnownFileType = sourcecode.swift; path = AddToBasketResult.swift; sourceTree = "<group>"; };
		8B6B5A3A2799B5EE006D4876 /* DeleteFromBasketResult.swift */ = {isa = PBXFileReference; lastKnownFileType = sourcecode.swift; path = DeleteFromBasketResult.swift; sourceTree = "<group>"; };
		8B6B5A3F2799B745006D4876 /* AddToBasketRequestFactory.swift */ = {isa = PBXFileReference; lastKnownFileType = sourcecode.swift; path = AddToBasketRequestFactory.swift; sourceTree = "<group>"; };
		8B6B5A412799B752006D4876 /* DeleteFromBasketRequestFactory.swift */ = {isa = PBXFileReference; lastKnownFileType = sourcecode.swift; path = DeleteFromBasketRequestFactory.swift; sourceTree = "<group>"; };
		8B6B5A432799B75F006D4876 /* AddToBasket.swift */ = {isa = PBXFileReference; lastKnownFileType = sourcecode.swift; path = AddToBasket.swift; sourceTree = "<group>"; };
		8B6B5A452799B76D006D4876 /* DeleteFromBasket.swift */ = {isa = PBXFileReference; lastKnownFileType = sourcecode.swift; path = DeleteFromBasket.swift; sourceTree = "<group>"; };
		8B6B5A472799C41D006D4876 /* PayBasketResult.swift */ = {isa = PBXFileReference; lastKnownFileType = sourcecode.swift; path = PayBasketResult.swift; sourceTree = "<group>"; };
		8B6B5A4A2799C491006D4876 /* PayBasketRequestFactory.swift */ = {isa = PBXFileReference; lastKnownFileType = sourcecode.swift; path = PayBasketRequestFactory.swift; sourceTree = "<group>"; };
		8B6B5A4C2799C4A3006D4876 /* PayBasket.swift */ = {isa = PBXFileReference; lastKnownFileType = sourcecode.swift; path = PayBasket.swift; sourceTree = "<group>"; };
		8B6B5A4E279AF304006D4876 /* RegisterViewController.swift */ = {isa = PBXFileReference; lastKnownFileType = sourcecode.swift; path = RegisterViewController.swift; sourceTree = "<group>"; };
		8B6B5A50279AF333006D4876 /* ProfileViewController.swift */ = {isa = PBXFileReference; lastKnownFileType = sourcecode.swift; path = ProfileViewController.swift; sourceTree = "<group>"; };
		8B6B5A52279D7798006D4876 /* UIVIewController+ShowError.swift */ = {isa = PBXFileReference; lastKnownFileType = sourcecode.swift; path = "UIVIewController+ShowError.swift"; sourceTree = "<group>"; };
		8B6B5A54279D7C4D006D4876 /* CatalogViewController.swift */ = {isa = PBXFileReference; lastKnownFileType = sourcecode.swift; path = CatalogViewController.swift; sourceTree = "<group>"; };
		8B6B5A58279D9C15006D4876 /* CatalogCollectionViewCell.swift */ = {isa = PBXFileReference; lastKnownFileType = sourcecode.swift; path = CatalogCollectionViewCell.swift; sourceTree = "<group>"; };
		8B6B5A59279D9C15006D4876 /* CatalogCollectionViewCell.xib */ = {isa = PBXFileReference; lastKnownFileType = file.xib; path = CatalogCollectionViewCell.xib; sourceTree = "<group>"; };
		8B6B5A5C27A042A1006D4876 /* ProductDetailViewController.swift */ = {isa = PBXFileReference; lastKnownFileType = sourcecode.swift; path = ProductDetailViewController.swift; sourceTree = "<group>"; };
		8B6B5A5E27A1A50F006D4876 /* BasketViewController.swift */ = {isa = PBXFileReference; lastKnownFileType = sourcecode.swift; path = BasketViewController.swift; sourceTree = "<group>"; };
		8B6B5A6B27A2C34F006D4876 /* GoogleService-Info.plist */ = {isa = PBXFileReference; fileEncoding = 4; lastKnownFileType = text.plist.xml; path = "GoogleService-Info.plist"; sourceTree = "<group>"; };
		974E66D796E6818A45211231 /* Pods-GBShopTests.release.xcconfig */ = {isa = PBXFileReference; includeInIndex = 1; lastKnownFileType = text.xcconfig; name = "Pods-GBShopTests.release.xcconfig"; path = "Target Support Files/Pods-GBShopTests/Pods-GBShopTests.release.xcconfig"; sourceTree = "<group>"; };
		D1E2119B282054F083292D78 /* Pods-GBShop-GBShopUITests.debug.xcconfig */ = {isa = PBXFileReference; includeInIndex = 1; lastKnownFileType = text.xcconfig; name = "Pods-GBShop-GBShopUITests.debug.xcconfig"; path = "Target Support Files/Pods-GBShop-GBShopUITests/Pods-GBShop-GBShopUITests.debug.xcconfig"; sourceTree = "<group>"; };
		E48DEC27938CA6FF4639CD83 /* Pods_GBShop_GBShopUITests.framework */ = {isa = PBXFileReference; explicitFileType = wrapper.framework; includeInIndex = 0; path = Pods_GBShop_GBShopUITests.framework; sourceTree = BUILT_PRODUCTS_DIR; };
		EC3D0314CA539123AB35881E /* Pods-GBShop.debug.xcconfig */ = {isa = PBXFileReference; includeInIndex = 1; lastKnownFileType = text.xcconfig; name = "Pods-GBShop.debug.xcconfig"; path = "Target Support Files/Pods-GBShop/Pods-GBShop.debug.xcconfig"; sourceTree = "<group>"; };
/* End PBXFileReference section */

/* Begin PBXFrameworksBuildPhase section */
		8B00628C2768FD7F004800FD /* Frameworks */ = {
			isa = PBXFrameworksBuildPhase;
			buildActionMask = 2147483647;
			files = (
				8B6B5A6A27A2C228006D4876 /* FirebaseCrashlytics in Frameworks */,
				8B6B5A6827A2C228006D4876 /* FirebaseAnalytics in Frameworks */,
				D4B4EF0973BCB3327D003107 /* Pods_GBShop.framework in Frameworks */,
			);
			runOnlyForDeploymentPostprocessing = 0;
		};
		8B0062A22768FD80004800FD /* Frameworks */ = {
			isa = PBXFrameworksBuildPhase;
			buildActionMask = 2147483647;
			files = (
				337F606DE8221CB5EF68B2A9 /* Pods_GBShopTests.framework in Frameworks */,
			);
			runOnlyForDeploymentPostprocessing = 0;
		};
		8B0062AC2768FD81004800FD /* Frameworks */ = {
			isa = PBXFrameworksBuildPhase;
			buildActionMask = 2147483647;
			files = (
				4B3F26FEE1A73CB0895A1686 /* Pods_GBShop_GBShopUITests.framework in Frameworks */,
			);
			runOnlyForDeploymentPostprocessing = 0;
		};
/* End PBXFrameworksBuildPhase section */

/* Begin PBXGroup section */
		76326214B7B04EE136BCEEF8 /* Pods */ = {
			isa = PBXGroup;
			children = (
				EC3D0314CA539123AB35881E /* Pods-GBShop.debug.xcconfig */,
				266EE29B12E88CB2C8DCADE1 /* Pods-GBShop.release.xcconfig */,
				D1E2119B282054F083292D78 /* Pods-GBShop-GBShopUITests.debug.xcconfig */,
				1F8F9F49AE288A6224824569 /* Pods-GBShop-GBShopUITests.release.xcconfig */,
				39A60693E9B2F1FB5739E3B5 /* Pods-GBShopTests.debug.xcconfig */,
				974E66D796E6818A45211231 /* Pods-GBShopTests.release.xcconfig */,
			);
			path = Pods;
			sourceTree = "<group>";
		};
		8B0062862768FD7F004800FD = {
			isa = PBXGroup;
			children = (
				8B0062912768FD7F004800FD /* GBShop */,
				8B0062A82768FD80004800FD /* GBShopTests */,
				8B0062B22768FD81004800FD /* GBShopUITests */,
				8B0062902768FD7F004800FD /* Products */,
				76326214B7B04EE136BCEEF8 /* Pods */,
				FAF7FD053269BBC6E67E96C7 /* Frameworks */,
			);
			sourceTree = "<group>";
		};
		8B0062902768FD7F004800FD /* Products */ = {
			isa = PBXGroup;
			children = (
				8B00628F2768FD7F004800FD /* GBShop.app */,
				8B0062A52768FD80004800FD /* GBShopTests.xctest */,
				8B0062AF2768FD81004800FD /* GBShopUITests.xctest */,
			);
			name = Products;
			sourceTree = "<group>";
		};
		8B0062912768FD7F004800FD /* GBShop */ = {
			isa = PBXGroup;
			children = (
				8B6B5A6B27A2C34F006D4876 /* GoogleService-Info.plist */,
				8B0062C22768FDA1004800FD /* App */,
				8B0062C32768FDA6004800FD /* Core */,
				8B0062C42768FDB1004800FD /* Resources */,
				8B0062C52768FDC7004800FD /* Environments */,
			);
			path = GBShop;
			sourceTree = "<group>";
		};
		8B0062A82768FD80004800FD /* GBShopTests */ = {
			isa = PBXGroup;
			children = (
				8B6B5A0D278DDC5B006D4876 /* ResponseCodableTests.swift */,
			);
			path = GBShopTests;
			sourceTree = "<group>";
		};
		8B0062B22768FD81004800FD /* GBShopUITests */ = {
			isa = PBXGroup;
			children = (
				8B0062B32768FD81004800FD /* GBShopUITests.swift */,
				8B0062B52768FD81004800FD /* GBShopUITestsLaunchTests.swift */,
			);
			path = GBShopUITests;
			sourceTree = "<group>";
		};
		8B0062C22768FDA1004800FD /* App */ = {
			isa = PBXGroup;
			children = (
				8B0062922768FD7F004800FD /* AppDelegate.swift */,
				8B0062942768FD7F004800FD /* SceneDelegate.swift */,
				8B0062C92768FE77004800FD /* BusinessLogic */,
				8B0062C82768FE6F004800FD /* Entity */,
				8B0062C72768FE67004800FD /* Assembly */,
				8B0062C62768FE60004800FD /* Flows */,
			);
			path = App;
			sourceTree = "<group>";
		};
		8B0062C32768FDA6004800FD /* Core */ = {
			isa = PBXGroup;
			children = (
				8B496AAB2770CD6600A71F20 /* Network */,
			);
			path = Core;
			sourceTree = "<group>";
		};
		8B0062C42768FDB1004800FD /* Resources */ = {
			isa = PBXGroup;
			children = (
				8B00629B2768FD80004800FD /* Assets.xcassets */,
				8B00629D2768FD80004800FD /* LaunchScreen.storyboard */,
				8B0062982768FD7F004800FD /* Main.storyboard */,
			);
			path = Resources;
			sourceTree = "<group>";
		};
		8B0062C52768FDC7004800FD /* Environments */ = {
			isa = PBXGroup;
			children = (
				8B0062A02768FD80004800FD /* Info.plist */,
			);
			path = Environments;
			sourceTree = "<group>";
		};
		8B0062C62768FE60004800FD /* Flows */ = {
			isa = PBXGroup;
			children = (
			);
			path = Flows;
			sourceTree = "<group>";
		};
		8B0062C72768FE67004800FD /* Assembly */ = {
			isa = PBXGroup;
			children = (
			);
			path = Assembly;
			sourceTree = "<group>";
		};
		8B0062C82768FE6F004800FD /* Entity */ = {
			isa = PBXGroup;
			children = (
				8B6B5A1C278F30BD006D4876 /* CatalogResult.swift */,
				8B6B5A14278F2CAC006D4876 /* ProductResult.swift */,
				8B496AB62770CF7E00A71F20 /* LoginResult.swift */,
				8B496AC32770D8C800A71F20 /* LogoutResult.swift */,
				8B496AC92770E1CB00A71F20 /* RegisterResult.swift */,
				8B496ACB2770E2A500A71F20 /* ChangeUserDataResult.swift */,
				8B496AB82770CF9600A71F20 /* User.swift */,
				8B496AD12770E59800A71F20 /* Gender.swift */,
				8B6B5A1E279957EA006D4876 /* ProductModel.swift */,
				8B6B5A262799959C006D4876 /* AddReviewResult.swift */,
				8B6B5A28279995A9006D4876 /* RemoveReviewResult.swift */,
				8B6B5A2A279995B5006D4876 /* ApproveReviewResult.swift */,
				8B6B5A382799B5E0006D4876 /* AddToBasketResult.swift */,
				8B6B5A3A2799B5EE006D4876 /* DeleteFromBasketResult.swift */,
				8B6B5A472799C41D006D4876 /* PayBasketResult.swift */,
			);
			path = Entity;
			sourceTree = "<group>";
		};
		8B0062C92768FE77004800FD /* BusinessLogic */ = {
			isa = PBXGroup;
			children = (
				8B496ABA2770CFF300A71F20 /* Network */,
				8B0062962768FD7F004800FD /* AuthViewController.swift */,
				8B6B5A4E279AF304006D4876 /* RegisterViewController.swift */,
				8B6B5A50279AF333006D4876 /* ProfileViewController.swift */,
				8B6B5A52279D7798006D4876 /* UIVIewController+ShowError.swift */,
				8B6B5A54279D7C4D006D4876 /* CatalogViewController.swift */,
				8B6B5A5C27A042A1006D4876 /* ProductDetailViewController.swift */,
				8B6B5A5E27A1A50F006D4876 /* BasketViewController.swift */,
				8B6B5A58279D9C15006D4876 /* CatalogCollectionViewCell.swift */,
				8B6B5A59279D9C15006D4876 /* CatalogCollectionViewCell.xib */,
			);
			path = BusinessLogic;
			sourceTree = "<group>";
		};
		8B496AAB2770CD6600A71F20 /* Network */ = {
			isa = PBXGroup;
			children = (
				8B496AAC2770CE0F00A71F20 /* AbstractErrorParser.swift */,
				8B496AAE2770CE3C00A71F20 /* ErrorParser.swift */,
				8B496AB02770CEBB00A71F20 /* CustomDecodableSerializer.swift */,
				8B496AB22770CF2B00A71F20 /* AbstractRequestFactory.swift */,
				8B496AB42770CF4E00A71F20 /* RequestRouter.swift */,
			);
			path = Network;
			sourceTree = "<group>";
		};
		8B496ABA2770CFF300A71F20 /* Network */ = {
			isa = PBXGroup;
			children = (
				8B6B5A3C2799B6F5006D4876 /* Basket */,
				8B6B5A2227999548006D4876 /* Review */,
				8B6B5A16278F2E18006D4876 /* Catalog */,
				8B6B5A0F278F2ABD006D4876 /* Product */,
				8B496ADA2770E85200A71F20 /* ChangeUserData */,
				8B496AD92770E84800A71F20 /* RegisterUser */,
				8B496AD82770E84100A71F20 /* Exit */,
				8B496AD72770E83700A71F20 /* Auth */,
				8B496ABF2770D09A00A71F20 /* RequestFactory.swift */,
			);
			path = Network;
			sourceTree = "<group>";
		};
		8B496AD72770E83700A71F20 /* Auth */ = {
			isa = PBXGroup;
			children = (
				8B496ABB2770D00800A71F20 /* AuthRequestFactory.swift */,
				8B496ABD2770D06000A71F20 /* Auth.swift */,
			);
			path = Auth;
			sourceTree = "<group>";
		};
		8B496AD82770E84100A71F20 /* Exit */ = {
			isa = PBXGroup;
			children = (
				8B496AC72770D95100A71F20 /* ExitRequestFactory.swift */,
				8B496AC52770D94000A71F20 /* Exit.swift */,
			);
			path = Exit;
			sourceTree = "<group>";
		};
		8B496AD92770E84800A71F20 /* RegisterUser */ = {
			isa = PBXGroup;
			children = (
				8B496AD32770E77C00A71F20 /* RegisterUserRequestFactory.swift */,
				8B496AD52770E78800A71F20 /* RegisterUser.swift */,
			);
			path = RegisterUser;
			sourceTree = "<group>";
		};
		8B496ADA2770E85200A71F20 /* ChangeUserData */ = {
			isa = PBXGroup;
			children = (
				8B496ACD2770E35300A71F20 /* ChangeUserDataRequestFactory.swift */,
				8B496ACF2770E36A00A71F20 /* ChangeUserData.swift */,
			);
			path = ChangeUserData;
			sourceTree = "<group>";
		};
		8B6B5A0F278F2ABD006D4876 /* Product */ = {
			isa = PBXGroup;
			children = (
				8B6B5A12278F2B6F006D4876 /* ProductRequestFactory.swift */,
				8B6B5A10278F2B5D006D4876 /* Product.swift */,
			);
			path = Product;
			sourceTree = "<group>";
		};
		8B6B5A16278F2E18006D4876 /* Catalog */ = {
			isa = PBXGroup;
			children = (
				8B6B5A18278F2E36006D4876 /* CatalogRequestFactory.swift */,
				8B6B5A1A278F2E3E006D4876 /* Catalog.swift */,
			);
			path = Catalog;
			sourceTree = "<group>";
		};
		8B6B5A2227999548006D4876 /* Review */ = {
			isa = PBXGroup;
			children = (
				8B6B5A252799955C006D4876 /* Remove */,
				8B6B5A2427999555006D4876 /* Approve */,
				8B6B5A232799954E006D4876 /* Add */,
			);
			path = Review;
			sourceTree = "<group>";
		};
		8B6B5A232799954E006D4876 /* Add */ = {
			isa = PBXGroup;
			children = (
				8B6B5A34279997D8006D4876 /* AddReviewRequestFactory.swift */,
				8B6B5A362799981F006D4876 /* AddReview.swift */,
			);
			path = Add;
			sourceTree = "<group>";
		};
		8B6B5A2427999555006D4876 /* Approve */ = {
			isa = PBXGroup;
			children = (
				8B6B5A3227999775006D4876 /* ApproveReviewRequestFactory.swift */,
				8B6B5A302799975B006D4876 /* ApproveReview.swift */,
			);
			path = Approve;
			sourceTree = "<group>";
		};
		8B6B5A252799955C006D4876 /* Remove */ = {
			isa = PBXGroup;
			children = (
				8B6B5A2C2799961B006D4876 /* RemoveReviewRequestFactory.swift */,
				8B6B5A2E27999654006D4876 /* RemoveReview.swift */,
			);
			path = Remove;
			sourceTree = "<group>";
		};
		8B6B5A3C2799B6F5006D4876 /* Basket */ = {
			isa = PBXGroup;
			children = (
				8B6B5A492799C476006D4876 /* Pay */,
				8B6B5A3E2799B702006D4876 /* Delete */,
				8B6B5A3D2799B6FD006D4876 /* Add */,
			);
			path = Basket;
			sourceTree = "<group>";
		};
		8B6B5A3D2799B6FD006D4876 /* Add */ = {
			isa = PBXGroup;
			children = (
				8B6B5A3F2799B745006D4876 /* AddToBasketRequestFactory.swift */,
				8B6B5A432799B75F006D4876 /* AddToBasket.swift */,
			);
			path = Add;
			sourceTree = "<group>";
		};
		8B6B5A3E2799B702006D4876 /* Delete */ = {
			isa = PBXGroup;
			children = (
				8B6B5A412799B752006D4876 /* DeleteFromBasketRequestFactory.swift */,
				8B6B5A452799B76D006D4876 /* DeleteFromBasket.swift */,
			);
			path = Delete;
			sourceTree = "<group>";
		};
		8B6B5A492799C476006D4876 /* Pay */ = {
			isa = PBXGroup;
			children = (
				8B6B5A4A2799C491006D4876 /* PayBasketRequestFactory.swift */,
				8B6B5A4C2799C4A3006D4876 /* PayBasket.swift */,
			);
			path = Pay;
			sourceTree = "<group>";
		};
		FAF7FD053269BBC6E67E96C7 /* Frameworks */ = {
			isa = PBXGroup;
			children = (
				1C81C6E192F9534881CCF502 /* Pods_GBShop.framework */,
				E48DEC27938CA6FF4639CD83 /* Pods_GBShop_GBShopUITests.framework */,
				80A98411D857350626A01CFC /* Pods_GBShopTests.framework */,
			);
			name = Frameworks;
			sourceTree = "<group>";
		};
/* End PBXGroup section */

/* Begin PBXNativeTarget section */
		8B00628E2768FD7F004800FD /* GBShop */ = {
			isa = PBXNativeTarget;
			buildConfigurationList = 8B0062B92768FD81004800FD /* Build configuration list for PBXNativeTarget "GBShop" */;
			buildPhases = (
				85021777AABCA50AAB9656FC /* [CP] Check Pods Manifest.lock */,
				8B00628B2768FD7F004800FD /* Sources */,
				8B00628C2768FD7F004800FD /* Frameworks */,
				8B00628D2768FD7F004800FD /* Resources */,
				8BD2AB19CFECE63853D212A2 /* [CP] Embed Pods Frameworks */,
				8B6B5A6227A2AD88006D4876 /* ShellScript */,
			);
			buildRules = (
			);
			dependencies = (
			);
			name = GBShop;
			packageProductDependencies = (
				8B6B5A6727A2C228006D4876 /* FirebaseAnalytics */,
				8B6B5A6927A2C228006D4876 /* FirebaseCrashlytics */,
			);
			productName = GBShop;
			productReference = 8B00628F2768FD7F004800FD /* GBShop.app */;
			productType = "com.apple.product-type.application";
		};
		8B0062A42768FD80004800FD /* GBShopTests */ = {
			isa = PBXNativeTarget;
			buildConfigurationList = 8B0062BC2768FD81004800FD /* Build configuration list for PBXNativeTarget "GBShopTests" */;
			buildPhases = (
				7A62A1C4158BC3C5FBF9241B /* [CP] Check Pods Manifest.lock */,
				8B0062A12768FD80004800FD /* Sources */,
				8B0062A22768FD80004800FD /* Frameworks */,
				8B0062A32768FD80004800FD /* Resources */,
			);
			buildRules = (
			);
			dependencies = (
				8B0062A72768FD80004800FD /* PBXTargetDependency */,
			);
			name = GBShopTests;
			productName = GBShopTests;
			productReference = 8B0062A52768FD80004800FD /* GBShopTests.xctest */;
			productType = "com.apple.product-type.bundle.unit-test";
		};
		8B0062AE2768FD81004800FD /* GBShopUITests */ = {
			isa = PBXNativeTarget;
			buildConfigurationList = 8B0062BF2768FD81004800FD /* Build configuration list for PBXNativeTarget "GBShopUITests" */;
			buildPhases = (
				05F26603E44C24902B38BE67 /* [CP] Check Pods Manifest.lock */,
				8B0062AB2768FD81004800FD /* Sources */,
				8B0062AC2768FD81004800FD /* Frameworks */,
				8B0062AD2768FD81004800FD /* Resources */,
				0989661259AA0E61573BCF48 /* [CP] Embed Pods Frameworks */,
			);
			buildRules = (
			);
			dependencies = (
				8B0062B12768FD81004800FD /* PBXTargetDependency */,
			);
			name = GBShopUITests;
			productName = GBShopUITests;
			productReference = 8B0062AF2768FD81004800FD /* GBShopUITests.xctest */;
			productType = "com.apple.product-type.bundle.ui-testing";
		};
/* End PBXNativeTarget section */

/* Begin PBXProject section */
		8B0062872768FD7F004800FD /* Project object */ = {
			isa = PBXProject;
			attributes = {
				BuildIndependentTargetsInParallel = 1;
				LastSwiftUpdateCheck = 1320;
				LastUpgradeCheck = 1320;
				TargetAttributes = {
					8B00628E2768FD7F004800FD = {
						CreatedOnToolsVersion = 13.2;
					};
					8B0062A42768FD80004800FD = {
						CreatedOnToolsVersion = 13.2;
						TestTargetID = 8B00628E2768FD7F004800FD;
					};
					8B0062AE2768FD81004800FD = {
						CreatedOnToolsVersion = 13.2;
						TestTargetID = 8B00628E2768FD7F004800FD;
					};
				};
			};
			buildConfigurationList = 8B00628A2768FD7F004800FD /* Build configuration list for PBXProject "GBShop" */;
			compatibilityVersion = "Xcode 13.0";
			developmentRegion = en;
			hasScannedForEncodings = 0;
			knownRegions = (
				en,
				Base,
			);
			mainGroup = 8B0062862768FD7F004800FD;
			packageReferences = (
				8B6B5A6627A2C228006D4876 /* XCRemoteSwiftPackageReference "firebase-ios-sdk" */,
			);
			productRefGroup = 8B0062902768FD7F004800FD /* Products */;
			projectDirPath = "";
			projectRoot = "";
			targets = (
				8B00628E2768FD7F004800FD /* GBShop */,
				8B0062A42768FD80004800FD /* GBShopTests */,
				8B0062AE2768FD81004800FD /* GBShopUITests */,
			);
		};
/* End PBXProject section */

/* Begin PBXResourcesBuildPhase section */
		8B00628D2768FD7F004800FD /* Resources */ = {
			isa = PBXResourcesBuildPhase;
			buildActionMask = 2147483647;
			files = (
				8B6B5A5B279D9C15006D4876 /* CatalogCollectionViewCell.xib in Resources */,
				8B00629F2768FD80004800FD /* LaunchScreen.storyboard in Resources */,
				8B6B5A6C27A2C34F006D4876 /* GoogleService-Info.plist in Resources */,
				8B00629C2768FD80004800FD /* Assets.xcassets in Resources */,
				8B00629A2768FD7F004800FD /* Main.storyboard in Resources */,
			);
			runOnlyForDeploymentPostprocessing = 0;
		};
		8B0062A32768FD80004800FD /* Resources */ = {
			isa = PBXResourcesBuildPhase;
			buildActionMask = 2147483647;
			files = (
			);
			runOnlyForDeploymentPostprocessing = 0;
		};
		8B0062AD2768FD81004800FD /* Resources */ = {
			isa = PBXResourcesBuildPhase;
			buildActionMask = 2147483647;
			files = (
			);
			runOnlyForDeploymentPostprocessing = 0;
		};
/* End PBXResourcesBuildPhase section */

/* Begin PBXShellScriptBuildPhase section */
		05F26603E44C24902B38BE67 /* [CP] Check Pods Manifest.lock */ = {
			isa = PBXShellScriptBuildPhase;
			buildActionMask = 2147483647;
			files = (
			);
			inputFileListPaths = (
			);
			inputPaths = (
				"${PODS_PODFILE_DIR_PATH}/Podfile.lock",
				"${PODS_ROOT}/Manifest.lock",
			);
			name = "[CP] Check Pods Manifest.lock";
			outputFileListPaths = (
			);
			outputPaths = (
				"$(DERIVED_FILE_DIR)/Pods-GBShop-GBShopUITests-checkManifestLockResult.txt",
			);
			runOnlyForDeploymentPostprocessing = 0;
			shellPath = /bin/sh;
			shellScript = "diff \"${PODS_PODFILE_DIR_PATH}/Podfile.lock\" \"${PODS_ROOT}/Manifest.lock\" > /dev/null\nif [ $? != 0 ] ; then\n    # print error to STDERR\n    echo \"error: The sandbox is not in sync with the Podfile.lock. Run 'pod install' or update your CocoaPods installation.\" >&2\n    exit 1\nfi\n# This output is used by Xcode 'outputs' to avoid re-running this script phase.\necho \"SUCCESS\" > \"${SCRIPT_OUTPUT_FILE_0}\"\n";
			showEnvVarsInLog = 0;
		};
		0989661259AA0E61573BCF48 /* [CP] Embed Pods Frameworks */ = {
			isa = PBXShellScriptBuildPhase;
			buildActionMask = 2147483647;
			files = (
			);
			inputFileListPaths = (
				"${PODS_ROOT}/Target Support Files/Pods-GBShop-GBShopUITests/Pods-GBShop-GBShopUITests-frameworks-${CONFIGURATION}-input-files.xcfilelist",
			);
			name = "[CP] Embed Pods Frameworks";
			outputFileListPaths = (
				"${PODS_ROOT}/Target Support Files/Pods-GBShop-GBShopUITests/Pods-GBShop-GBShopUITests-frameworks-${CONFIGURATION}-output-files.xcfilelist",
			);
			runOnlyForDeploymentPostprocessing = 0;
			shellPath = /bin/sh;
			shellScript = "\"${PODS_ROOT}/Target Support Files/Pods-GBShop-GBShopUITests/Pods-GBShop-GBShopUITests-frameworks.sh\"\n";
			showEnvVarsInLog = 0;
		};
		7A62A1C4158BC3C5FBF9241B /* [CP] Check Pods Manifest.lock */ = {
			isa = PBXShellScriptBuildPhase;
			buildActionMask = 2147483647;
			files = (
			);
			inputFileListPaths = (
			);
			inputPaths = (
				"${PODS_PODFILE_DIR_PATH}/Podfile.lock",
				"${PODS_ROOT}/Manifest.lock",
			);
			name = "[CP] Check Pods Manifest.lock";
			outputFileListPaths = (
			);
			outputPaths = (
				"$(DERIVED_FILE_DIR)/Pods-GBShopTests-checkManifestLockResult.txt",
			);
			runOnlyForDeploymentPostprocessing = 0;
			shellPath = /bin/sh;
			shellScript = "diff \"${PODS_PODFILE_DIR_PATH}/Podfile.lock\" \"${PODS_ROOT}/Manifest.lock\" > /dev/null\nif [ $? != 0 ] ; then\n    # print error to STDERR\n    echo \"error: The sandbox is not in sync with the Podfile.lock. Run 'pod install' or update your CocoaPods installation.\" >&2\n    exit 1\nfi\n# This output is used by Xcode 'outputs' to avoid re-running this script phase.\necho \"SUCCESS\" > \"${SCRIPT_OUTPUT_FILE_0}\"\n";
			showEnvVarsInLog = 0;
		};
		85021777AABCA50AAB9656FC /* [CP] Check Pods Manifest.lock */ = {
			isa = PBXShellScriptBuildPhase;
			buildActionMask = 2147483647;
			files = (
			);
			inputFileListPaths = (
			);
			inputPaths = (
				"${PODS_PODFILE_DIR_PATH}/Podfile.lock",
				"${PODS_ROOT}/Manifest.lock",
			);
			name = "[CP] Check Pods Manifest.lock";
			outputFileListPaths = (
			);
			outputPaths = (
				"$(DERIVED_FILE_DIR)/Pods-GBShop-checkManifestLockResult.txt",
			);
			runOnlyForDeploymentPostprocessing = 0;
			shellPath = /bin/sh;
			shellScript = "diff \"${PODS_PODFILE_DIR_PATH}/Podfile.lock\" \"${PODS_ROOT}/Manifest.lock\" > /dev/null\nif [ $? != 0 ] ; then\n    # print error to STDERR\n    echo \"error: The sandbox is not in sync with the Podfile.lock. Run 'pod install' or update your CocoaPods installation.\" >&2\n    exit 1\nfi\n# This output is used by Xcode 'outputs' to avoid re-running this script phase.\necho \"SUCCESS\" > \"${SCRIPT_OUTPUT_FILE_0}\"\n";
			showEnvVarsInLog = 0;
		};
		8B6B5A6227A2AD88006D4876 /* ShellScript */ = {
			isa = PBXShellScriptBuildPhase;
			buildActionMask = 2147483647;
			files = (
			);
			inputFileListPaths = (
			);
			inputPaths = (
				"${DWARF_DSYM_FOLDER_PATH}/${DWARF_DSYM_FILE_NAME}/Contents/Resources/DWARF/${TARGET_NAME}",
				"$(SRCROOT)/$(BUILT_PRODUCTS_DIR)/$(INFOPLIST_PATH)",
			);
			outputFileListPaths = (
			);
			outputPaths = (
			);
			runOnlyForDeploymentPostprocessing = 0;
			shellPath = /bin/sh;
			shellScript = "# Type a script or drag a script file from your workspace to insert its path.\n\"${BUILD_DIR%/Build/*}/SourcePackages/checkouts/firebase-ios-sdk/Crashlytics/run\"\n";
		};
		8BD2AB19CFECE63853D212A2 /* [CP] Embed Pods Frameworks */ = {
			isa = PBXShellScriptBuildPhase;
			buildActionMask = 2147483647;
			files = (
			);
			inputFileListPaths = (
				"${PODS_ROOT}/Target Support Files/Pods-GBShop/Pods-GBShop-frameworks-${CONFIGURATION}-input-files.xcfilelist",
			);
			name = "[CP] Embed Pods Frameworks";
			outputFileListPaths = (
				"${PODS_ROOT}/Target Support Files/Pods-GBShop/Pods-GBShop-frameworks-${CONFIGURATION}-output-files.xcfilelist",
			);
			runOnlyForDeploymentPostprocessing = 0;
			shellPath = /bin/sh;
			shellScript = "\"${PODS_ROOT}/Target Support Files/Pods-GBShop/Pods-GBShop-frameworks.sh\"\n";
			showEnvVarsInLog = 0;
		};
/* End PBXShellScriptBuildPhase section */

/* Begin PBXSourcesBuildPhase section */
		8B00628B2768FD7F004800FD /* Sources */ = {
			isa = PBXSourcesBuildPhase;
			buildActionMask = 2147483647;
			files = (
				8B6B5A3B2799B5EE006D4876 /* DeleteFromBasketResult.swift in Sources */,
				8B496AC82770D95100A71F20 /* ExitRequestFactory.swift in Sources */,
				8B6B5A4F279AF304006D4876 /* RegisterViewController.swift in Sources */,
				8B6B5A1D278F30BD006D4876 /* CatalogResult.swift in Sources */,
				8B496AC02770D09A00A71F20 /* RequestFactory.swift in Sources */,
				8B6B5A3327999775006D4876 /* ApproveReviewRequestFactory.swift in Sources */,
				8B496AB32770CF2B00A71F20 /* AbstractRequestFactory.swift in Sources */,
				8B496AC42770D8C800A71F20 /* LogoutResult.swift in Sources */,
				8B6B5A312799975B006D4876 /* ApproveReview.swift in Sources */,
				8B6B5A15278F2CAC006D4876 /* ProductResult.swift in Sources */,
				8B6B5A5A279D9C15006D4876 /* CatalogCollectionViewCell.swift in Sources */,
				8B6B5A5D27A042A1006D4876 /* ProductDetailViewController.swift in Sources */,
				8B496AB72770CF7E00A71F20 /* LoginResult.swift in Sources */,
				8B6B5A462799B76D006D4876 /* DeleteFromBasket.swift in Sources */,
				8B496ACA2770E1CB00A71F20 /* RegisterResult.swift in Sources */,
				8B496AD22770E59800A71F20 /* Gender.swift in Sources */,
				8B6B5A482799C41D006D4876 /* PayBasketResult.swift in Sources */,
				8B6B5A4D2799C4A3006D4876 /* PayBasket.swift in Sources */,
				8B496AD02770E36A00A71F20 /* ChangeUserData.swift in Sources */,
				8B496AD42770E77C00A71F20 /* RegisterUserRequestFactory.swift in Sources */,
				8B0062972768FD7F004800FD /* AuthViewController.swift in Sources */,
				8B6B5A1B278F2E3E006D4876 /* Catalog.swift in Sources */,
				8B6B5A19278F2E36006D4876 /* CatalogRequestFactory.swift in Sources */,
				8B496AB52770CF4E00A71F20 /* RequestRouter.swift in Sources */,
				8B6B5A51279AF333006D4876 /* ProfileViewController.swift in Sources */,
				8B6B5A422799B752006D4876 /* DeleteFromBasketRequestFactory.swift in Sources */,
				8B6B5A272799959C006D4876 /* AddReviewResult.swift in Sources */,
				8B496AB92770CF9600A71F20 /* User.swift in Sources */,
				8B496ABE2770D06000A71F20 /* Auth.swift in Sources */,
				8B6B5A2B279995B5006D4876 /* ApproveReviewResult.swift in Sources */,
				8B6B5A55279D7C4D006D4876 /* CatalogViewController.swift in Sources */,
				8B6B5A29279995A9006D4876 /* RemoveReviewResult.swift in Sources */,
				8B6B5A1F279957EA006D4876 /* ProductModel.swift in Sources */,
				8B6B5A392799B5E0006D4876 /* AddToBasketResult.swift in Sources */,
				8B6B5A13278F2B6F006D4876 /* ProductRequestFactory.swift in Sources */,
				8B496ABC2770D00800A71F20 /* AuthRequestFactory.swift in Sources */,
				8B496ACE2770E35300A71F20 /* ChangeUserDataRequestFactory.swift in Sources */,
				8B6B5A372799981F006D4876 /* AddReview.swift in Sources */,
				8B6B5A35279997D8006D4876 /* AddReviewRequestFactory.swift in Sources */,
				8B496ACC2770E2A500A71F20 /* ChangeUserDataResult.swift in Sources */,
				8B6B5A5F27A1A50F006D4876 /* BasketViewController.swift in Sources */,
				8B6B5A4B2799C491006D4876 /* PayBasketRequestFactory.swift in Sources */,
				8B496AC22770D2DA00A71F20 /* AppDelegate.swift in Sources */,
				8B6B5A11278F2B5D006D4876 /* Product.swift in Sources */,
				8B6B5A402799B745006D4876 /* AddToBasketRequestFactory.swift in Sources */,
				8B6B5A2F27999655006D4876 /* RemoveReview.swift in Sources */,
				8B496AAF2770CE3C00A71F20 /* ErrorParser.swift in Sources */,
				8B6B5A2D2799961B006D4876 /* RemoveReviewRequestFactory.swift in Sources */,
				8B6B5A442799B75F006D4876 /* AddToBasket.swift in Sources */,
				8B6B5A53279D7798006D4876 /* UIVIewController+ShowError.swift in Sources */,
				8B496AB12770CEBB00A71F20 /* CustomDecodableSerializer.swift in Sources */,
				8B496AAD2770CE0F00A71F20 /* AbstractErrorParser.swift in Sources */,
				8B496AC62770D94000A71F20 /* Exit.swift in Sources */,
				8B496AD62770E78800A71F20 /* RegisterUser.swift in Sources */,
				8B496AC12770D2D200A71F20 /* SceneDelegate.swift in Sources */,
			);
			runOnlyForDeploymentPostprocessing = 0;
		};
		8B0062A12768FD80004800FD /* Sources */ = {
			isa = PBXSourcesBuildPhase;
			buildActionMask = 2147483647;
			files = (
				8B6B5A0E278DDC5B006D4876 /* ResponseCodableTests.swift in Sources */,
			);
			runOnlyForDeploymentPostprocessing = 0;
		};
		8B0062AB2768FD81004800FD /* Sources */ = {
			isa = PBXSourcesBuildPhase;
			buildActionMask = 2147483647;
			files = (
				8B0062B42768FD81004800FD /* GBShopUITests.swift in Sources */,
				8B0062B62768FD81004800FD /* GBShopUITestsLaunchTests.swift in Sources */,
			);
			runOnlyForDeploymentPostprocessing = 0;
		};
/* End PBXSourcesBuildPhase section */

/* Begin PBXTargetDependency section */
		8B0062A72768FD80004800FD /* PBXTargetDependency */ = {
			isa = PBXTargetDependency;
			target = 8B00628E2768FD7F004800FD /* GBShop */;
			targetProxy = 8B0062A62768FD80004800FD /* PBXContainerItemProxy */;
		};
		8B0062B12768FD81004800FD /* PBXTargetDependency */ = {
			isa = PBXTargetDependency;
			target = 8B00628E2768FD7F004800FD /* GBShop */;
			targetProxy = 8B0062B02768FD81004800FD /* PBXContainerItemProxy */;
		};
/* End PBXTargetDependency section */

/* Begin PBXVariantGroup section */
		8B0062982768FD7F004800FD /* Main.storyboard */ = {
			isa = PBXVariantGroup;
			children = (
				8B0062992768FD7F004800FD /* Base */,
			);
			name = Main.storyboard;
			sourceTree = "<group>";
		};
		8B00629D2768FD80004800FD /* LaunchScreen.storyboard */ = {
			isa = PBXVariantGroup;
			children = (
				8B00629E2768FD80004800FD /* Base */,
			);
			name = LaunchScreen.storyboard;
			sourceTree = "<group>";
		};
/* End PBXVariantGroup section */

/* Begin XCBuildConfiguration section */
		8B0062B72768FD81004800FD /* Debug */ = {
			isa = XCBuildConfiguration;
			buildSettings = {
				ALWAYS_SEARCH_USER_PATHS = NO;
				CLANG_ANALYZER_NONNULL = YES;
				CLANG_ANALYZER_NUMBER_OBJECT_CONVERSION = YES_AGGRESSIVE;
				CLANG_CXX_LANGUAGE_STANDARD = "gnu++17";
				CLANG_CXX_LIBRARY = "libc++";
				CLANG_ENABLE_MODULES = YES;
				CLANG_ENABLE_OBJC_ARC = YES;
				CLANG_ENABLE_OBJC_WEAK = YES;
				CLANG_WARN_BLOCK_CAPTURE_AUTORELEASING = YES;
				CLANG_WARN_BOOL_CONVERSION = YES;
				CLANG_WARN_COMMA = YES;
				CLANG_WARN_CONSTANT_CONVERSION = YES;
				CLANG_WARN_DEPRECATED_OBJC_IMPLEMENTATIONS = YES;
				CLANG_WARN_DIRECT_OBJC_ISA_USAGE = YES_ERROR;
				CLANG_WARN_DOCUMENTATION_COMMENTS = YES;
				CLANG_WARN_EMPTY_BODY = YES;
				CLANG_WARN_ENUM_CONVERSION = YES;
				CLANG_WARN_INFINITE_RECURSION = YES;
				CLANG_WARN_INT_CONVERSION = YES;
				CLANG_WARN_NON_LITERAL_NULL_CONVERSION = YES;
				CLANG_WARN_OBJC_IMPLICIT_RETAIN_SELF = YES;
				CLANG_WARN_OBJC_LITERAL_CONVERSION = YES;
				CLANG_WARN_OBJC_ROOT_CLASS = YES_ERROR;
				CLANG_WARN_QUOTED_INCLUDE_IN_FRAMEWORK_HEADER = YES;
				CLANG_WARN_RANGE_LOOP_ANALYSIS = YES;
				CLANG_WARN_STRICT_PROTOTYPES = YES;
				CLANG_WARN_SUSPICIOUS_MOVE = YES;
				CLANG_WARN_UNGUARDED_AVAILABILITY = YES_AGGRESSIVE;
				CLANG_WARN_UNREACHABLE_CODE = YES;
				CLANG_WARN__DUPLICATE_METHOD_MATCH = YES;
				COPY_PHASE_STRIP = NO;
				DEBUG_INFORMATION_FORMAT = dwarf;
				ENABLE_STRICT_OBJC_MSGSEND = YES;
				ENABLE_TESTABILITY = YES;
				GCC_C_LANGUAGE_STANDARD = gnu11;
				GCC_DYNAMIC_NO_PIC = NO;
				GCC_NO_COMMON_BLOCKS = YES;
				GCC_OPTIMIZATION_LEVEL = 0;
				GCC_PREPROCESSOR_DEFINITIONS = (
					"DEBUG=1",
					"$(inherited)",
				);
				GCC_WARN_64_TO_32_BIT_CONVERSION = YES;
				GCC_WARN_ABOUT_RETURN_TYPE = YES_ERROR;
				GCC_WARN_UNDECLARED_SELECTOR = YES;
				GCC_WARN_UNINITIALIZED_AUTOS = YES_AGGRESSIVE;
				GCC_WARN_UNUSED_FUNCTION = YES;
				GCC_WARN_UNUSED_VARIABLE = YES;
				IPHONEOS_DEPLOYMENT_TARGET = 15.0;
				MTL_ENABLE_DEBUG_INFO = INCLUDE_SOURCE;
				MTL_FAST_MATH = YES;
				ONLY_ACTIVE_ARCH = YES;
				SDKROOT = iphoneos;
				SWIFT_ACTIVE_COMPILATION_CONDITIONS = DEBUG;
				SWIFT_OPTIMIZATION_LEVEL = "-Onone";
			};
			name = Debug;
		};
		8B0062B82768FD81004800FD /* Release */ = {
			isa = XCBuildConfiguration;
			buildSettings = {
				ALWAYS_SEARCH_USER_PATHS = NO;
				CLANG_ANALYZER_NONNULL = YES;
				CLANG_ANALYZER_NUMBER_OBJECT_CONVERSION = YES_AGGRESSIVE;
				CLANG_CXX_LANGUAGE_STANDARD = "gnu++17";
				CLANG_CXX_LIBRARY = "libc++";
				CLANG_ENABLE_MODULES = YES;
				CLANG_ENABLE_OBJC_ARC = YES;
				CLANG_ENABLE_OBJC_WEAK = YES;
				CLANG_WARN_BLOCK_CAPTURE_AUTORELEASING = YES;
				CLANG_WARN_BOOL_CONVERSION = YES;
				CLANG_WARN_COMMA = YES;
				CLANG_WARN_CONSTANT_CONVERSION = YES;
				CLANG_WARN_DEPRECATED_OBJC_IMPLEMENTATIONS = YES;
				CLANG_WARN_DIRECT_OBJC_ISA_USAGE = YES_ERROR;
				CLANG_WARN_DOCUMENTATION_COMMENTS = YES;
				CLANG_WARN_EMPTY_BODY = YES;
				CLANG_WARN_ENUM_CONVERSION = YES;
				CLANG_WARN_INFINITE_RECURSION = YES;
				CLANG_WARN_INT_CONVERSION = YES;
				CLANG_WARN_NON_LITERAL_NULL_CONVERSION = YES;
				CLANG_WARN_OBJC_IMPLICIT_RETAIN_SELF = YES;
				CLANG_WARN_OBJC_LITERAL_CONVERSION = YES;
				CLANG_WARN_OBJC_ROOT_CLASS = YES_ERROR;
				CLANG_WARN_QUOTED_INCLUDE_IN_FRAMEWORK_HEADER = YES;
				CLANG_WARN_RANGE_LOOP_ANALYSIS = YES;
				CLANG_WARN_STRICT_PROTOTYPES = YES;
				CLANG_WARN_SUSPICIOUS_MOVE = YES;
				CLANG_WARN_UNGUARDED_AVAILABILITY = YES_AGGRESSIVE;
				CLANG_WARN_UNREACHABLE_CODE = YES;
				CLANG_WARN__DUPLICATE_METHOD_MATCH = YES;
				COPY_PHASE_STRIP = NO;
				DEBUG_INFORMATION_FORMAT = "dwarf-with-dsym";
				ENABLE_NS_ASSERTIONS = NO;
				ENABLE_STRICT_OBJC_MSGSEND = YES;
				GCC_C_LANGUAGE_STANDARD = gnu11;
				GCC_NO_COMMON_BLOCKS = YES;
				GCC_WARN_64_TO_32_BIT_CONVERSION = YES;
				GCC_WARN_ABOUT_RETURN_TYPE = YES_ERROR;
				GCC_WARN_UNDECLARED_SELECTOR = YES;
				GCC_WARN_UNINITIALIZED_AUTOS = YES_AGGRESSIVE;
				GCC_WARN_UNUSED_FUNCTION = YES;
				GCC_WARN_UNUSED_VARIABLE = YES;
				IPHONEOS_DEPLOYMENT_TARGET = 15.0;
				MTL_ENABLE_DEBUG_INFO = NO;
				MTL_FAST_MATH = YES;
				SDKROOT = iphoneos;
				SWIFT_COMPILATION_MODE = wholemodule;
				SWIFT_OPTIMIZATION_LEVEL = "-O";
				VALIDATE_PRODUCT = YES;
			};
			name = Release;
		};
		8B0062BA2768FD81004800FD /* Debug */ = {
			isa = XCBuildConfiguration;
			baseConfigurationReference = EC3D0314CA539123AB35881E /* Pods-GBShop.debug.xcconfig */;
			buildSettings = {
				ASSETCATALOG_COMPILER_APPICON_NAME = AppIcon;
				ASSETCATALOG_COMPILER_GLOBAL_ACCENT_COLOR_NAME = AccentColor;
				CODE_SIGN_STYLE = Automatic;
				CURRENT_PROJECT_VERSION = 1;
				DEBUG_INFORMATION_FORMAT = "dwarf-with-dsym";
				DEVELOPMENT_TEAM = X6GH7HXG96;
				GENERATE_INFOPLIST_FILE = YES;
				INFOPLIST_FILE = GBShop/Environments/Info.plist;
				INFOPLIST_KEY_UIApplicationSupportsIndirectInputEvents = YES;
				INFOPLIST_KEY_UILaunchStoryboardName = LaunchScreen;
				INFOPLIST_KEY_UIMainStoryboardFile = Main;
				INFOPLIST_KEY_UISupportedInterfaceOrientations_iPad = "UIInterfaceOrientationPortrait UIInterfaceOrientationPortraitUpsideDown UIInterfaceOrientationLandscapeLeft UIInterfaceOrientationLandscapeRight";
				INFOPLIST_KEY_UISupportedInterfaceOrientations_iPhone = "UIInterfaceOrientationPortrait UIInterfaceOrientationLandscapeLeft UIInterfaceOrientationLandscapeRight";
				LD_RUNPATH_SEARCH_PATHS = (
					"$(inherited)",
					"@executable_path/Frameworks",
				);
				MARKETING_VERSION = 1.0;
				OTHER_SWIFT_FLAGS = "$(inherited) -D COCOAPODS -DDEBUG";
				PRODUCT_BUNDLE_IDENTIFIER = kopytinka.GBShop;
				PRODUCT_NAME = "$(TARGET_NAME)";
				SWIFT_EMIT_LOC_STRINGS = YES;
				SWIFT_VERSION = 5.0;
				TARGETED_DEVICE_FAMILY = "1,2";
				VERSIONING_SYSTEM = "apple-generic";
			};
			name = Debug;
		};
		8B0062BB2768FD81004800FD /* Release */ = {
			isa = XCBuildConfiguration;
			baseConfigurationReference = 266EE29B12E88CB2C8DCADE1 /* Pods-GBShop.release.xcconfig */;
			buildSettings = {
				ASSETCATALOG_COMPILER_APPICON_NAME = AppIcon;
				ASSETCATALOG_COMPILER_GLOBAL_ACCENT_COLOR_NAME = AccentColor;
				CODE_SIGN_STYLE = Automatic;
				CURRENT_PROJECT_VERSION = 1;
				DEVELOPMENT_TEAM = X6GH7HXG96;
				GENERATE_INFOPLIST_FILE = YES;
				INFOPLIST_FILE = GBShop/Environments/Info.plist;
				INFOPLIST_KEY_UIApplicationSupportsIndirectInputEvents = YES;
				INFOPLIST_KEY_UILaunchStoryboardName = LaunchScreen;
				INFOPLIST_KEY_UIMainStoryboardFile = Main;
				INFOPLIST_KEY_UISupportedInterfaceOrientations_iPad = "UIInterfaceOrientationPortrait UIInterfaceOrientationPortraitUpsideDown UIInterfaceOrientationLandscapeLeft UIInterfaceOrientationLandscapeRight";
				INFOPLIST_KEY_UISupportedInterfaceOrientations_iPhone = "UIInterfaceOrientationPortrait UIInterfaceOrientationLandscapeLeft UIInterfaceOrientationLandscapeRight";
				LD_RUNPATH_SEARCH_PATHS = (
					"$(inherited)",
					"@executable_path/Frameworks",
				);
				MARKETING_VERSION = 1.0;
				OTHER_SWIFT_FLAGS = "$(inherited) -D COCOAPODS -DRELEASE";
				PRODUCT_BUNDLE_IDENTIFIER = kopytinka.GBShop;
				PRODUCT_NAME = "$(TARGET_NAME)";
				SWIFT_EMIT_LOC_STRINGS = YES;
				SWIFT_VERSION = 5.0;
				TARGETED_DEVICE_FAMILY = "1,2";
				VERSIONING_SYSTEM = "apple-generic";
			};
			name = Release;
		};
		8B0062BD2768FD81004800FD /* Debug */ = {
			isa = XCBuildConfiguration;
			baseConfigurationReference = 39A60693E9B2F1FB5739E3B5 /* Pods-GBShopTests.debug.xcconfig */;
			buildSettings = {
				ALWAYS_EMBED_SWIFT_STANDARD_LIBRARIES = YES;
				BUNDLE_LOADER = "$(TEST_HOST)";
				CODE_SIGN_STYLE = Automatic;
				CURRENT_PROJECT_VERSION = 1;
				DEVELOPMENT_TEAM = X6GH7HXG96;
				GENERATE_INFOPLIST_FILE = YES;
				IPHONEOS_DEPLOYMENT_TARGET = 15.2;
				MARKETING_VERSION = 1.0;
				PRODUCT_BUNDLE_IDENTIFIER = kopytinka.GBShopTests;
				PRODUCT_NAME = "$(TARGET_NAME)";
				SWIFT_EMIT_LOC_STRINGS = NO;
				SWIFT_VERSION = 5.0;
				TARGETED_DEVICE_FAMILY = "1,2";
				TEST_HOST = "$(BUILT_PRODUCTS_DIR)/GBShop.app/GBShop";
			};
			name = Debug;
		};
		8B0062BE2768FD81004800FD /* Release */ = {
			isa = XCBuildConfiguration;
			baseConfigurationReference = 974E66D796E6818A45211231 /* Pods-GBShopTests.release.xcconfig */;
			buildSettings = {
				ALWAYS_EMBED_SWIFT_STANDARD_LIBRARIES = YES;
				BUNDLE_LOADER = "$(TEST_HOST)";
				CODE_SIGN_STYLE = Automatic;
				CURRENT_PROJECT_VERSION = 1;
				DEVELOPMENT_TEAM = X6GH7HXG96;
				GENERATE_INFOPLIST_FILE = YES;
				IPHONEOS_DEPLOYMENT_TARGET = 15.2;
				MARKETING_VERSION = 1.0;
				PRODUCT_BUNDLE_IDENTIFIER = kopytinka.GBShopTests;
				PRODUCT_NAME = "$(TARGET_NAME)";
				SWIFT_EMIT_LOC_STRINGS = NO;
				SWIFT_VERSION = 5.0;
				TARGETED_DEVICE_FAMILY = "1,2";
				TEST_HOST = "$(BUILT_PRODUCTS_DIR)/GBShop.app/GBShop";
			};
			name = Release;
		};
		8B0062C02768FD81004800FD /* Debug */ = {
			isa = XCBuildConfiguration;
			baseConfigurationReference = D1E2119B282054F083292D78 /* Pods-GBShop-GBShopUITests.debug.xcconfig */;
			buildSettings = {
				ALWAYS_EMBED_SWIFT_STANDARD_LIBRARIES = YES;
				CODE_SIGN_STYLE = Automatic;
				CURRENT_PROJECT_VERSION = 1;
				DEVELOPMENT_TEAM = X6GH7HXG96;
				GENERATE_INFOPLIST_FILE = YES;
				MARKETING_VERSION = 1.0;
				PRODUCT_BUNDLE_IDENTIFIER = kopytinka.GBShopUITests;
				PRODUCT_NAME = "$(TARGET_NAME)";
				SWIFT_EMIT_LOC_STRINGS = NO;
				SWIFT_VERSION = 5.0;
				TARGETED_DEVICE_FAMILY = "1,2";
				TEST_TARGET_NAME = GBShop;
			};
			name = Debug;
		};
		8B0062C12768FD81004800FD /* Release */ = {
			isa = XCBuildConfiguration;
			baseConfigurationReference = 1F8F9F49AE288A6224824569 /* Pods-GBShop-GBShopUITests.release.xcconfig */;
			buildSettings = {
				ALWAYS_EMBED_SWIFT_STANDARD_LIBRARIES = YES;
				CODE_SIGN_STYLE = Automatic;
				CURRENT_PROJECT_VERSION = 1;
				DEVELOPMENT_TEAM = X6GH7HXG96;
				GENERATE_INFOPLIST_FILE = YES;
				MARKETING_VERSION = 1.0;
				PRODUCT_BUNDLE_IDENTIFIER = kopytinka.GBShopUITests;
				PRODUCT_NAME = "$(TARGET_NAME)";
				SWIFT_EMIT_LOC_STRINGS = NO;
				SWIFT_VERSION = 5.0;
				TARGETED_DEVICE_FAMILY = "1,2";
				TEST_TARGET_NAME = GBShop;
			};
			name = Release;
		};
/* End XCBuildConfiguration section */

/* Begin XCConfigurationList section */
		8B00628A2768FD7F004800FD /* Build configuration list for PBXProject "GBShop" */ = {
			isa = XCConfigurationList;
			buildConfigurations = (
				8B0062B72768FD81004800FD /* Debug */,
				8B0062B82768FD81004800FD /* Release */,
			);
			defaultConfigurationIsVisible = 0;
			defaultConfigurationName = Release;
		};
		8B0062B92768FD81004800FD /* Build configuration list for PBXNativeTarget "GBShop" */ = {
			isa = XCConfigurationList;
			buildConfigurations = (
				8B0062BA2768FD81004800FD /* Debug */,
				8B0062BB2768FD81004800FD /* Release */,
			);
			defaultConfigurationIsVisible = 0;
			defaultConfigurationName = Release;
		};
		8B0062BC2768FD81004800FD /* Build configuration list for PBXNativeTarget "GBShopTests" */ = {
			isa = XCConfigurationList;
			buildConfigurations = (
				8B0062BD2768FD81004800FD /* Debug */,
				8B0062BE2768FD81004800FD /* Release */,
			);
			defaultConfigurationIsVisible = 0;
			defaultConfigurationName = Release;
		};
		8B0062BF2768FD81004800FD /* Build configuration list for PBXNativeTarget "GBShopUITests" */ = {
			isa = XCConfigurationList;
			buildConfigurations = (
				8B0062C02768FD81004800FD /* Debug */,
				8B0062C12768FD81004800FD /* Release */,
			);
			defaultConfigurationIsVisible = 0;
			defaultConfigurationName = Release;
		};
/* End XCConfigurationList section */

/* Begin XCRemoteSwiftPackageReference section */
		8B6B5A6627A2C228006D4876 /* XCRemoteSwiftPackageReference "firebase-ios-sdk" */ = {
			isa = XCRemoteSwiftPackageReference;
			repositoryURL = "https://github.com/firebase/firebase-ios-sdk.git";
			requirement = {
				branch = master;
				kind = branch;
			};
		};
/* End XCRemoteSwiftPackageReference section */

/* Begin XCSwiftPackageProductDependency section */
		8B6B5A6727A2C228006D4876 /* FirebaseAnalytics */ = {
			isa = XCSwiftPackageProductDependency;
			package = 8B6B5A6627A2C228006D4876 /* XCRemoteSwiftPackageReference "firebase-ios-sdk" */;
			productName = FirebaseAnalytics;
		};
		8B6B5A6927A2C228006D4876 /* FirebaseCrashlytics */ = {
			isa = XCSwiftPackageProductDependency;
			package = 8B6B5A6627A2C228006D4876 /* XCRemoteSwiftPackageReference "firebase-ios-sdk" */;
			productName = FirebaseCrashlytics;
		};
/* End XCSwiftPackageProductDependency section */
	};
	rootObject = 8B0062872768FD7F004800FD /* Project object */;
}
